{
    "name": "tarkov-capstone",
    "lockfileVersion": 2,
    "requires": true,
    "packages": {
        "": {
            "name": "tarkov-capstone",
            "dependencies": {
                "react-twitter-widgets": "^1.11.0"
            },
            "engines": {
                "node": ">= 14"
            }
        }
    }
}
