{
    "name": "tarkov-capstone",
    "lockfileVersion": 2,
    "requires": true,
    "packages": {
        "": {
            "name": "tarkov-capstone",
            "dependencies": {
                "react-twitter-widgets": "^1.11.0"
            },
            "engines": {
                "node": ">= 14"
            }
        },
        "node_modules/js-tokens": {
            "version": "4.0.0",
            "resolved": "https://registry.npmjs.org/js-tokens/-/js-tokens-4.0.0.tgz",
            "integrity": "sha512-RdJUflcE3cUzKiMqQgsCu06FPu9UdIJO0beYbPhHN4k6apgJtifcoCtT9bcxOpYBtpD2kCM6Sbzg4CausW/PKQ==",
            "peer": true
        },
        "node_modules/loadjs": {
            "version": "4.2.0",
            "resolved": "https://registry.npmjs.org/loadjs/-/loadjs-4.2.0.tgz",
            "integrity": "sha512-AgQGZisAlTPbTEzrHPb6q+NYBMD+DP9uvGSIjSUM5uG+0jG15cb8axWpxuOIqrmQjn6scaaH8JwloiP27b2KXA=="
        },
        "node_modules/loose-envify": {
            "version": "1.4.0",
            "resolved": "https://registry.npmjs.org/loose-envify/-/loose-envify-1.4.0.tgz",
            "integrity": "sha512-lyuxPGr/Wfhrlem2CL/UcnUc1zcqKAImBDzukY7Y5F/yQiNdko6+fRLevlw1HgMySw7f611UIY408EtxRSoK3Q==",
            "peer": true,
            "dependencies": {
                "js-tokens": "^3.0.0 || ^4.0.0"
            },
            "bin": {
                "loose-envify": "cli.js"
            }
        },
        "node_modules/react": {
            "version": "18.2.0",
            "resolved": "https://registry.npmjs.org/react/-/react-18.2.0.tgz",
            "integrity": "sha512-/3IjMdb2L9QbBdWiW5e3P2/npwMBaU9mHCSCUzNln0ZCYbcfTsGbTJrU/kGemdH2IWmB2ioZ+zkxtmq6g09fGQ==",
            "peer": true,
            "dependencies": {
                "loose-envify": "^1.1.0"
            },
            "engines": {
                "node": ">=0.10.0"
            }
        },
        "node_modules/react-twitter-widgets": {
            "version": "1.11.0",
            "resolved": "https://registry.npmjs.org/react-twitter-widgets/-/react-twitter-widgets-1.11.0.tgz",
            "integrity": "sha512-PMCLJQc30iqy01y1b2+HnMfCX+ZkOxWaPKJb4BhHgOgjSjoZb68K5T0nq3q+3YbX9K7OH0bhptgDihtBG/BqRQ==",
            "dependencies": {
                "loadjs": "^4.2.0"
            },
            "peerDependencies": {
                "react": "^16.8.0 || ^17 || ^18"
            }
        }
    },
    "dependencies": {
        "js-tokens": {
            "version": "4.0.0",
            "resolved": "https://registry.npmjs.org/js-tokens/-/js-tokens-4.0.0.tgz",
            "integrity": "sha512-RdJUflcE3cUzKiMqQgsCu06FPu9UdIJO0beYbPhHN4k6apgJtifcoCtT9bcxOpYBtpD2kCM6Sbzg4CausW/PKQ==",
            "peer": true
        },
        "loadjs": {
            "version": "4.2.0",
            "resolved": "https://registry.npmjs.org/loadjs/-/loadjs-4.2.0.tgz",
            "integrity": "sha512-AgQGZisAlTPbTEzrHPb6q+NYBMD+DP9uvGSIjSUM5uG+0jG15cb8axWpxuOIqrmQjn6scaaH8JwloiP27b2KXA=="
        },
        "loose-envify": {
            "version": "1.4.0",
            "resolved": "https://registry.npmjs.org/loose-envify/-/loose-envify-1.4.0.tgz",
            "integrity": "sha512-lyuxPGr/Wfhrlem2CL/UcnUc1zcqKAImBDzukY7Y5F/yQiNdko6+fRLevlw1HgMySw7f611UIY408EtxRSoK3Q==",
            "peer": true,
            "requires": {
                "js-tokens": "^3.0.0 || ^4.0.0"
            }
        },
        "react": {
            "version": "18.2.0",
            "resolved": "https://registry.npmjs.org/react/-/react-18.2.0.tgz",
            "integrity": "sha512-/3IjMdb2L9QbBdWiW5e3P2/npwMBaU9mHCSCUzNln0ZCYbcfTsGbTJrU/kGemdH2IWmB2ioZ+zkxtmq6g09fGQ==",
            "peer": true,
            "requires": {
                "loose-envify": "^1.1.0"
            }
        },
        "react-twitter-widgets": {
            "version": "1.11.0",
            "resolved": "https://registry.npmjs.org/react-twitter-widgets/-/react-twitter-widgets-1.11.0.tgz",
            "integrity": "sha512-PMCLJQc30iqy01y1b2+HnMfCX+ZkOxWaPKJb4BhHgOgjSjoZb68K5T0nq3q+3YbX9K7OH0bhptgDihtBG/BqRQ==",
            "requires": {
                "loadjs": "^4.2.0"
            }
        }
    }
}
